schema: '2.0'
stages:
  data_ingestion:
    cmd: python -m pipeline.01-data_ingestion
    deps:
    - path: config/config.yaml
      hash: md5
      md5: aa873a6182dcc3d524d858301cbe185c
      size: 719
    - path: pipeline/01-data_ingestion.py
      hash: md5
      md5: d1e84384373f0d4ecd47040dd0fa7238
      size: 404
    outs:
    - path: artifacts/raw
      hash: md5
      md5: bd5bb1e21a6b03a94b93a0973e54b4cb.dir
      size: 98205890
      nfiles: 344
  data_processing:
    cmd: python -m pipeline.02-data_processing --step get_base_model
    deps:
    - path: config/config.yaml
      hash: md5
      md5: aa873a6182dcc3d524d858301cbe185c
      size: 719
    - path: pipeline/02-data_processing.py
      hash: md5
      md5: 4db6ac14fa361f55adfb7c9a263b42ed
      size: 258
    outs:
    - path: artifacts/models/base_model.h5
      hash: md5
      md5: eb40789917691c7512c7c80695ab41e3
      size: 58926064
    - path: artifacts/models/base_model_updated.h5
      hash: md5
      md5: 28d51fd5b496a2a3b2b320499eba3f41
      size: 59147464
  train_model:
    cmd: python -m pipeline.03-model_training
    deps:
    - path: artifacts/models/base_model_updated.h5
      hash: md5
      md5: 28d51fd5b496a2a3b2b320499eba3f41
      size: 59147464
    - path: config/config.yaml
      hash: md5
      md5: aa873a6182dcc3d524d858301cbe185c
      size: 719
    - path: pipeline/03-model_training.py
      hash: md5
      md5: eb7464663d0b3b1b0d7662392e32acb3
      size: 269
    outs:
    - path: artifacts/models/training/trained_model.h5
      hash: md5
      md5: 7d0aa3360d3a8f3ed0198b262859362e
      size: 59147464
  evaluate_model:
    cmd: python -m pipeline.04-model_evaluation_mlflow
    deps:
    - path: artifacts/models/training/trained_model.h5
      hash: md5
      md5: 7d0aa3360d3a8f3ed0198b262859362e
      size: 59147464
    - path: config/config.yaml
      hash: md5
      md5: aa873a6182dcc3d524d858301cbe185c
      size: 719
    - path: pipeline/04-model_evaluation_mlflow.py
      hash: md5
      md5: c355251c833c4dacf9fc547adf010889
      size: 250
    outs:
    - path: scores.json
      hash: md5
      md5: 56367d8709611f2c7d321a38622de311
      size: 146
